github.com/dustin/go-humanize v1.0.0 h1:VSnTsYCnlFHaM2/igO1h6X3HA71jcobQuxemgkq4zYo=
github.com/dustin/go-humanize v1.0.0/go.mod h1:HtrtbFcZ19U5GC7JDqmcUSB87Iq5E25KnS6fMYU6eOk=
github.com/ricochet2200/go-disk-usage v0.0.0-20150921141558-f0d1b743428f h1:w4VLAgWDnrcBDFSi8Ppn/MrB/Z1A570+MV90CvMtVVA=
github.com/ricochet2200/go-disk-usage v0.0.0-20150921141558-f0d1b743428f/go.mod h1:yhevTRDiduxPJHQDCtlqUn53ojFPkRh/mKhMUzQUCpc=
